
Microsoft Visual Studio Solution File, Format Version 12.00
# Visual Studio Version 17
VisualStudioVersion = 17.2.32505.173
MinimumVisualStudioVersion = 10.0.40219.1
Project("{9A19103F-16F7-4668-BE54-9A1E7A4F7556}") = "ConsoleApp1", "ConsoleApp1\ConsoleApp1.csproj", "{A31D5C8F-FB4B-4CD8-ADFC-13EB4FE1EF02}"
EndProject
Project("{9A19103F-16F7-4668-BE54-9A1E7A4F7556}") = "2-criandovariaveis", "2-criandovariaveis\2-criandovariaveis.csproj", "{D3130C7C-EAB6-4522-85FD-D4C4A7AE54B4}"
EndProject
Project("{9A19103F-16F7-4668-BE54-9A1E7A4F7556}") = "3-CriandoVariaveis.flutuante", "3-CriandoVariaveis.flutuante\3-CriandoVariaveis.flutuante.csproj", "{3ED955A9-9E3C-46DD-A236-A8CD1B5D858C}"
EndProject
Project("{9A19103F-16F7-4668-BE54-9A1E7A4F7556}") = "4-conversoesEoutrosTipos", "4-conversoesEoutrosTipos\4-conversoesEoutrosTipos.csproj", "{9FF9C760-DE55-44E6-92FB-25CE05C15B43}"
EndProject
Project("{9A19103F-16F7-4668-BE54-9A1E7A4F7556}") = "5 - CaractereseTexto", "5 - CaractereseTexto\5 - CaractereseTexto.csproj", "{DE99206A-ADDB-4609-B68E-D2F9B5DAE7C4}"
EndProject
Project("{9A19103F-16F7-4668-BE54-9A1E7A4F7556}") = "6 - AtribuicaodeVariaveis", "6 - AtribuicaodeVariaveis\6 - AtribuicaodeVariaveis.csproj", "{F812809F-7CBB-4224-8DAF-6DA08204117C}"
EndProject
Project("{9A19103F-16F7-4668-BE54-9A1E7A4F7556}") = "7 - condicionais", "7 - condicionais\7 - condicionais.csproj", "{3C9390F4-4A4F-4C0A-B7F1-842D838ABFC8}"
EndProject
Project("{9A19103F-16F7-4668-BE54-9A1E7A4F7556}") = "8 - condicionais2", "8 - condicionais2\8 - condicionais2.csproj", "{BFB7F2E3-61B8-4023-A4FC-B8E7DC119F6F}"
EndProject
Project("{9A19103F-16F7-4668-BE54-9A1E7A4F7556}") = "9 - escopo", "9 - escopo\9 - escopo.csproj", "{A35A5C92-AED5-49F0-BDAC-C4CBAA0D9350}"
EndProject
Project("{9A19103F-16F7-4668-BE54-9A1E7A4F7556}") = "projetoAtividade1", "projetoAtividade1\projetoAtividade1.csproj", "{8C06EF7F-7E0F-4B68-8788-48482A689453}"
EndProject
Project("{FAE04EC0-301F-11D3-BF4B-00C04F79EFBC}") = "10 - calculaPoupança", "10 - calculaPoupança\10 - calculaPoupança.csproj", "{FEE553A6-D1F3-46D6-94DF-956367F6C579}"
EndProject
Project("{FAE04EC0-301F-11D3-BF4B-00C04F79EFBC}") = "Atividade2-for", "Atividade2-for\Atividade2-for.csproj", "{06D4D693-F915-43CB-8E73-E8A1D9EB5E36}"
EndProject
Project("{FAE04EC0-301F-11D3-BF4B-00C04F79EFBC}") = "11-InvestimentoAlongoPrazo", "11-InvestimentoAlongoPrazo\11-InvestimentoAlongoPrazo.csproj", "{AC55DD63-D5D1-4E37-A82B-11A5EC39E20B}"
EndProject
Project("{FAE04EC0-301F-11D3-BF4B-00C04F79EFBC}") = "12-EncadeandoFor", "12-EncadeandoFor\12-EncadeandoFor.csproj", "{578C3A94-D3A6-4353-8209-2869B6F8A47E}"
EndProject
Project("{FAE04EC0-301F-11D3-BF4B-00C04F79EFBC}") = "Atividade3-Multiplosde3", "Atividade3-Multiplosde3\Atividade3-Multiplosde3.csproj", "{55D62FB9-1FE3-4EF4-84E1-D01D43BF450D}"
EndProject
Global
	GlobalSection(SolutionConfigurationPlatforms) = preSolution
		Debug|Any CPU = Debug|Any CPU
		Release|Any CPU = Release|Any CPU
	EndGlobalSection
	GlobalSection(ProjectConfigurationPlatforms) = postSolution
		{A31D5C8F-FB4B-4CD8-ADFC-13EB4FE1EF02}.Debug|Any CPU.ActiveCfg = Debug|Any CPU
		{A31D5C8F-FB4B-4CD8-ADFC-13EB4FE1EF02}.Debug|Any CPU.Build.0 = Debug|Any CPU
		{A31D5C8F-FB4B-4CD8-ADFC-13EB4FE1EF02}.Release|Any CPU.ActiveCfg = Release|Any CPU
		{A31D5C8F-FB4B-4CD8-ADFC-13EB4FE1EF02}.Release|Any CPU.Build.0 = Release|Any CPU
		{D3130C7C-EAB6-4522-85FD-D4C4A7AE54B4}.Debug|Any CPU.ActiveCfg = Debug|Any CPU
		{D3130C7C-EAB6-4522-85FD-D4C4A7AE54B4}.Debug|Any CPU.Build.0 = Debug|Any CPU
		{D3130C7C-EAB6-4522-85FD-D4C4A7AE54B4}.Release|Any CPU.ActiveCfg = Release|Any CPU
		{D3130C7C-EAB6-4522-85FD-D4C4A7AE54B4}.Release|Any CPU.Build.0 = Release|Any CPU
		{3ED955A9-9E3C-46DD-A236-A8CD1B5D858C}.Debug|Any CPU.ActiveCfg = Debug|Any CPU
		{3ED955A9-9E3C-46DD-A236-A8CD1B5D858C}.Debug|Any CPU.Build.0 = Debug|Any CPU
		{3ED955A9-9E3C-46DD-A236-A8CD1B5D858C}.Release|Any CPU.ActiveCfg = Release|Any CPU
		{3ED955A9-9E3C-46DD-A236-A8CD1B5D858C}.Release|Any CPU.Build.0 = Release|Any CPU
		{9FF9C760-DE55-44E6-92FB-25CE05C15B43}.Debug|Any CPU.ActiveCfg = Debug|Any CPU
		{9FF9C760-DE55-44E6-92FB-25CE05C15B43}.Debug|Any CPU.Build.0 = Debug|Any CPU
		{9FF9C760-DE55-44E6-92FB-25CE05C15B43}.Release|Any CPU.ActiveCfg = Release|Any CPU
		{9FF9C760-DE55-44E6-92FB-25CE05C15B43}.Release|Any CPU.Build.0 = Release|Any CPU
		{DE99206A-ADDB-4609-B68E-D2F9B5DAE7C4}.Debug|Any CPU.ActiveCfg = Debug|Any CPU
		{DE99206A-ADDB-4609-B68E-D2F9B5DAE7C4}.Debug|Any CPU.Build.0 = Debug|Any CPU
		{DE99206A-ADDB-4609-B68E-D2F9B5DAE7C4}.Release|Any CPU.ActiveCfg = Release|Any CPU
		{DE99206A-ADDB-4609-B68E-D2F9B5DAE7C4}.Release|Any CPU.Build.0 = Release|Any CPU
		{F812809F-7CBB-4224-8DAF-6DA08204117C}.Debug|Any CPU.ActiveCfg = Debug|Any CPU
		{F812809F-7CBB-4224-8DAF-6DA08204117C}.Debug|Any CPU.Build.0 = Debug|Any CPU
		{F812809F-7CBB-4224-8DAF-6DA08204117C}.Release|Any CPU.ActiveCfg = Release|Any CPU
		{F812809F-7CBB-4224-8DAF-6DA08204117C}.Release|Any CPU.Build.0 = Release|Any CPU
		{3C9390F4-4A4F-4C0A-B7F1-842D838ABFC8}.Debug|Any CPU.ActiveCfg = Debug|Any CPU
		{3C9390F4-4A4F-4C0A-B7F1-842D838ABFC8}.Debug|Any CPU.Build.0 = Debug|Any CPU
		{3C9390F4-4A4F-4C0A-B7F1-842D838ABFC8}.Release|Any CPU.ActiveCfg = Release|Any CPU
		{3C9390F4-4A4F-4C0A-B7F1-842D838ABFC8}.Release|Any CPU.Build.0 = Release|Any CPU
		{BFB7F2E3-61B8-4023-A4FC-B8E7DC119F6F}.Debug|Any CPU.ActiveCfg = Debug|Any CPU
		{BFB7F2E3-61B8-4023-A4FC-B8E7DC119F6F}.Debug|Any CPU.Build.0 = Debug|Any CPU
		{BFB7F2E3-61B8-4023-A4FC-B8E7DC119F6F}.Release|Any CPU.ActiveCfg = Release|Any CPU
		{BFB7F2E3-61B8-4023-A4FC-B8E7DC119F6F}.Release|Any CPU.Build.0 = Release|Any CPU
		{A35A5C92-AED5-49F0-BDAC-C4CBAA0D9350}.Debug|Any CPU.ActiveCfg = Debug|Any CPU
		{A35A5C92-AED5-49F0-BDAC-C4CBAA0D9350}.Debug|Any CPU.Build.0 = Debug|Any CPU
		{A35A5C92-AED5-49F0-BDAC-C4CBAA0D9350}.Release|Any CPU.ActiveCfg = Release|Any CPU
		{A35A5C92-AED5-49F0-BDAC-C4CBAA0D9350}.Release|Any CPU.Build.0 = Release|Any CPU
		{8C06EF7F-7E0F-4B68-8788-48482A689453}.Debug|Any CPU.ActiveCfg = Debug|Any CPU
		{8C06EF7F-7E0F-4B68-8788-48482A689453}.Debug|Any CPU.Build.0 = Debug|Any CPU
		{8C06EF7F-7E0F-4B68-8788-48482A689453}.Release|Any CPU.ActiveCfg = Release|Any CPU
		{8C06EF7F-7E0F-4B68-8788-48482A689453}.Release|Any CPU.Build.0 = Release|Any CPU
		{FEE553A6-D1F3-46D6-94DF-956367F6C579}.Debug|Any CPU.ActiveCfg = Debug|Any CPU
		{FEE553A6-D1F3-46D6-94DF-956367F6C579}.Debug|Any CPU.Build.0 = Debug|Any CPU
		{FEE553A6-D1F3-46D6-94DF-956367F6C579}.Release|Any CPU.ActiveCfg = Release|Any CPU
		{FEE553A6-D1F3-46D6-94DF-956367F6C579}.Release|Any CPU.Build.0 = Release|Any CPU
		{06D4D693-F915-43CB-8E73-E8A1D9EB5E36}.Debug|Any CPU.ActiveCfg = Debug|Any CPU
		{06D4D693-F915-43CB-8E73-E8A1D9EB5E36}.Debug|Any CPU.Build.0 = Debug|Any CPU
		{06D4D693-F915-43CB-8E73-E8A1D9EB5E36}.Release|Any CPU.ActiveCfg = Release|Any CPU
		{06D4D693-F915-43CB-8E73-E8A1D9EB5E36}.Release|Any CPU.Build.0 = Release|Any CPU
		{AC55DD63-D5D1-4E37-A82B-11A5EC39E20B}.Debug|Any CPU.ActiveCfg = Debug|Any CPU
		{AC55DD63-D5D1-4E37-A82B-11A5EC39E20B}.Debug|Any CPU.Build.0 = Debug|Any CPU
		{AC55DD63-D5D1-4E37-A82B-11A5EC39E20B}.Release|Any CPU.ActiveCfg = Release|Any CPU
		{AC55DD63-D5D1-4E37-A82B-11A5EC39E20B}.Release|Any CPU.Build.0 = Release|Any CPU
		{578C3A94-D3A6-4353-8209-2869B6F8A47E}.Debug|Any CPU.ActiveCfg = Debug|Any CPU
		{578C3A94-D3A6-4353-8209-2869B6F8A47E}.Debug|Any CPU.Build.0 = Debug|Any CPU
		{578C3A94-D3A6-4353-8209-2869B6F8A47E}.Release|Any CPU.ActiveCfg = Release|Any CPU
		{578C3A94-D3A6-4353-8209-2869B6F8A47E}.Release|Any CPU.Build.0 = Release|Any CPU
		{55D62FB9-1FE3-4EF4-84E1-D01D43BF450D}.Debug|Any CPU.ActiveCfg = Debug|Any CPU
		{55D62FB9-1FE3-4EF4-84E1-D01D43BF450D}.Debug|Any CPU.Build.0 = Debug|Any CPU
		{55D62FB9-1FE3-4EF4-84E1-D01D43BF450D}.Release|Any CPU.ActiveCfg = Release|Any CPU
		{55D62FB9-1FE3-4EF4-84E1-D01D43BF450D}.Release|Any CPU.Build.0 = Release|Any CPU
	EndGlobalSection
	GlobalSection(SolutionProperties) = preSolution
		HideSolutionNode = FALSE
	EndGlobalSection
	GlobalSection(ExtensibilityGlobals) = postSolution
		SolutionGuid = {AC0E6B4D-C6E2-415B-A3DC-9ACD1C17765D}
	EndGlobalSection
EndGlobal
